
Microsoft Visual Studio Solution File, Format Version 12.00
# Visual Studio Version 17
VisualStudioVersion = 17.7.34018.315
MinimumVisualStudioVersion = 10.0.40219.1
Project("{F184B08F-C81C-45F6-A57F-5ABD9991F28F}") = "ConsoleApp3", "ConsoleApp3\ConsoleApp3.vbproj", "{14166B01-EC4F-4BB6-9538-28D1D6F574BD}"
EndProject
Global
	GlobalSection(SolutionConfigurationPlatforms) = preSolution
		Debug|Any CPU = Debug|Any CPU
		Release|Any CPU = Release|Any CPU
	EndGlobalSection
	GlobalSection(ProjectConfigurationPlatforms) = postSolution
		{14166B01-EC4F-4BB6-9538-28D1D6F574BD}.Debug|Any CPU.ActiveCfg = Debug|Any CPU
		{14166B01-EC4F-4BB6-9538-28D1D6F574BD}.Debug|Any CPU.Build.0 = Debug|Any CPU
		{14166B01-EC4F-4BB6-9538-28D1D6F574BD}.Release|Any CPU.ActiveCfg = Release|Any CPU
		{14166B01-EC4F-4BB6-9538-28D1D6F574BD}.Release|Any CPU.Build.0 = Release|Any CPU
	EndGlobalSection
	GlobalSection(SolutionProperties) = preSolution
		HideSolutionNode = FALSE
	EndGlobalSection
	GlobalSection(ExtensibilityGlobals) = postSolution
		SolutionGuid = {C9995999-E60B-497A-AB4B-1CC022960C7D}
	EndGlobalSection
EndGlobal
